
Microsoft Visual Studio Solution File, Format Version 12.00
# Visual Studio Version 17
VisualStudioVersion = 17.7.34202.233
MinimumVisualStudioVersion = 10.0.40219.1
Project("{FAE04EC0-301F-11D3-BF4B-00C04F79EFBC}") = "ConsumingApiDataInAnotherProject", "ConsumingApiDataInAnotherProject\ConsumingApiDataInAnotherProject.csproj", "{827FF274-EB9D-4DC6-9E62-A07F40978A2D}"
EndProject
Global
	GlobalSection(SolutionConfigurationPlatforms) = preSolution
		Debug|Any CPU = Debug|Any CPU
		Release|Any CPU = Release|Any CPU
	EndGlobalSection
	GlobalSection(ProjectConfigurationPlatforms) = postSolution
		{827FF274-EB9D-4DC6-9E62-A07F40978A2D}.Debug|Any CPU.ActiveCfg = Debug|Any CPU
		{827FF274-EB9D-4DC6-9E62-A07F40978A2D}.Debug|Any CPU.Build.0 = Debug|Any CPU
		{827FF274-EB9D-4DC6-9E62-A07F40978A2D}.Release|Any CPU.ActiveCfg = Release|Any CPU
		{827FF274-EB9D-4DC6-9E62-A07F40978A2D}.Release|Any CPU.Build.0 = Release|Any CPU
	EndGlobalSection
	GlobalSection(SolutionProperties) = preSolution
		HideSolutionNode = FALSE
	EndGlobalSection
	GlobalSection(ExtensibilityGlobals) = postSolution
		SolutionGuid = {C694B56B-4F1B-4D96-8199-10B73137DFB2}
	EndGlobalSection
EndGlobal
